
Microsoft Visual Studio Solution File, Format Version 12.00
# Visual Studio 2015
Project("{FAE04EC0-301F-11D3-BF4B-00C04F79EFBC}") = "ofwb", "ofwb.csproj", "{AEBFC113-9C58-9754-3636-289D3C69B8CC}"
EndProject
Project("{FAE04EC0-301F-11D3-BF4B-00C04F79EFBC}") = "ofwb.Editor", "ofwb.Editor.csproj", "{DDACB654-F887-9BB8-6668-424AB41F40A3}"
EndProject
Global
	GlobalSection(SolutionConfigurationPlatforms) = preSolution
		Debug|Any CPU = Debug|Any CPU
		Release|Any CPU = Release|Any CPU
	EndGlobalSection
	GlobalSection(ProjectConfigurationPlatforms) = postSolution
		{AEBFC113-9C58-9754-3636-289D3C69B8CC}.Debug|Any CPU.ActiveCfg = Debug|Any CPU
		{AEBFC113-9C58-9754-3636-289D3C69B8CC}.Debug|Any CPU.Build.0 = Debug|Any CPU
		{AEBFC113-9C58-9754-3636-289D3C69B8CC}.Release|Any CPU.ActiveCfg = Release|Any CPU
		{AEBFC113-9C58-9754-3636-289D3C69B8CC}.Release|Any CPU.Build.0 = Release|Any CPU
		{DDACB654-F887-9BB8-6668-424AB41F40A3}.Debug|Any CPU.ActiveCfg = Debug|Any CPU
		{DDACB654-F887-9BB8-6668-424AB41F40A3}.Debug|Any CPU.Build.0 = Debug|Any CPU
		{DDACB654-F887-9BB8-6668-424AB41F40A3}.Release|Any CPU.ActiveCfg = Release|Any CPU
		{DDACB654-F887-9BB8-6668-424AB41F40A3}.Release|Any CPU.Build.0 = Release|Any CPU
	EndGlobalSection
	GlobalSection(SolutionProperties) = preSolution
		HideSolutionNode = FALSE
	EndGlobalSection
EndGlobal
